
Microsoft Visual Studio Solution File, Format Version 12.00
# Visual Studio 15
VisualStudioVersion = 15.0.27428.2015
MinimumVisualStudioVersion = 10.0.40219.1
Project("{8BC9CEB8-8B4A-11D0-8D11-00A0C91BC942}") = "MyComplex2", "MyComplex2\MyComplex2.vcxproj", "{9460B981-D5FE-47FE-A4CE-1629F307F468}"
EndProject
Global
	GlobalSection(SolutionConfigurationPlatforms) = preSolution
		Debug|x64 = Debug|x64
		Debug|x86 = Debug|x86
		Release|x64 = Release|x64
		Release|x86 = Release|x86
	EndGlobalSection
	GlobalSection(ProjectConfigurationPlatforms) = postSolution
		{9460B981-D5FE-47FE-A4CE-1629F307F468}.Debug|x64.ActiveCfg = Debug|x64
		{9460B981-D5FE-47FE-A4CE-1629F307F468}.Debug|x64.Build.0 = Debug|x64
		{9460B981-D5FE-47FE-A4CE-1629F307F468}.Debug|x86.ActiveCfg = Debug|Win32
		{9460B981-D5FE-47FE-A4CE-1629F307F468}.Debug|x86.Build.0 = Debug|Win32
		{9460B981-D5FE-47FE-A4CE-1629F307F468}.Release|x64.ActiveCfg = Release|x64
		{9460B981-D5FE-47FE-A4CE-1629F307F468}.Release|x64.Build.0 = Release|x64
		{9460B981-D5FE-47FE-A4CE-1629F307F468}.Release|x86.ActiveCfg = Release|Win32
		{9460B981-D5FE-47FE-A4CE-1629F307F468}.Release|x86.Build.0 = Release|Win32
	EndGlobalSection
	GlobalSection(SolutionProperties) = preSolution
		HideSolutionNode = FALSE
	EndGlobalSection
	GlobalSection(ExtensibilityGlobals) = postSolution
		SolutionGuid = {9CE4F569-34D2-4603-A5DC-C1F9308F7C89}
	EndGlobalSection
EndGlobal
